
Microsoft Visual Studio Solution File, Format Version 12.00
# Visual Studio Version 16
VisualStudioVersion = 16.0.29505.145
MinimumVisualStudioVersion = 10.0.40219.1
Project("{FAE04EC0-301F-11D3-BF4B-00C04F79EFBC}") = "Abstraction", "Abstraction.csproj", "{B911FB70-E217-48EB-849E-A94296399EFE}"
EndProject
Global
	GlobalSection(SolutionConfigurationPlatforms) = preSolution
		Debug|Any CPU = Debug|Any CPU
		Release|Any CPU = Release|Any CPU
	EndGlobalSection
	GlobalSection(ProjectConfigurationPlatforms) = postSolution
		{B911FB70-E217-48EB-849E-A94296399EFE}.Debug|Any CPU.ActiveCfg = Debug|Any CPU
		{B911FB70-E217-48EB-849E-A94296399EFE}.Debug|Any CPU.Build.0 = Debug|Any CPU
		{B911FB70-E217-48EB-849E-A94296399EFE}.Release|Any CPU.ActiveCfg = Release|Any CPU
		{B911FB70-E217-48EB-849E-A94296399EFE}.Release|Any CPU.Build.0 = Release|Any CPU
	EndGlobalSection
	GlobalSection(SolutionProperties) = preSolution
		HideSolutionNode = FALSE
	EndGlobalSection
	GlobalSection(ExtensibilityGlobals) = postSolution
		SolutionGuid = {B1577064-E76E-4F6A-9DF9-A0A7DCD6B68E}
	EndGlobalSection
EndGlobal
